
Microsoft Visual Studio Solution File, Format Version 12.00
# Visual Studio Version 16
VisualStudioVersion = 16.0.28803.352
MinimumVisualStudioVersion = 10.0.40219.1
Project("{FAE04EC0-301F-11D3-BF4B-00C04F79EFBC}") = "OCR", "OCR\OCR.csproj", "{0A748BF8-578F-4C71-AC0E-1C3EE0D25FEA}"
EndProject
Project("{FAE04EC0-301F-11D3-BF4B-00C04F79EFBC}") = "Server", "Server\Server.csproj", "{6F2D7643-0DDC-49E5-BC9E-CC61F395C5FF}"
EndProject
Project("{9A19103F-16F7-4668-BE54-9A1E7A4F7556}") = "Composition.WindowsRuntimeHelpers", "Composition.WindowsRuntimeHelpers\Composition.WindowsRuntimeHelpers.csproj", "{EBC5D9FE-5FCC-472C-A08A-0817626A4000}"
EndProject
Project("{9A19103F-16F7-4668-BE54-9A1E7A4F7556}") = "CaptureSampleCore", "CaptureSampleCore\CaptureSampleCore.csproj", "{C4765480-3855-4E41-8634-01DBABC62B77}"
	ProjectSection(ProjectDependencies) = postProject
		{A4E0CC4F-24AF-44E2-8E11-679E19CFC682} = {A4E0CC4F-24AF-44E2-8E11-679E19CFC682}
	EndProjectSection
EndProject
Project("{FAE04EC0-301F-11D3-BF4B-00C04F79EFBC}") = "LoLOCRHub", "ScreenCapture\LoLOCRHub.csproj", "{4DDD37B1-E3E8-46C1-BDE9-3039A93DAF27}"
	ProjectSection(ProjectDependencies) = postProject
		{6F2D7643-0DDC-49E5-BC9E-CC61F395C5FF} = {6F2D7643-0DDC-49E5-BC9E-CC61F395C5FF}
		{A4E0CC4F-24AF-44E2-8E11-679E19CFC682} = {A4E0CC4F-24AF-44E2-8E11-679E19CFC682}
		{0A748BF8-578F-4C71-AC0E-1C3EE0D25FEA} = {0A748BF8-578F-4C71-AC0E-1C3EE0D25FEA}
	EndProjectSection
EndProject
Project("{9A19103F-16F7-4668-BE54-9A1E7A4F7556}") = "Common", "Common\Common.csproj", "{A4E0CC4F-24AF-44E2-8E11-679E19CFC682}"
EndProject
Global
	GlobalSection(SolutionConfigurationPlatforms) = preSolution
		Debug|Any CPU = Debug|Any CPU
		Debug|ARM = Debug|ARM
		Debug|ARM64 = Debug|ARM64
		Debug|x64 = Debug|x64
		Debug|x86 = Debug|x86
		Release|Any CPU = Release|Any CPU
		Release|ARM = Release|ARM
		Release|ARM64 = Release|ARM64
		Release|x64 = Release|x64
		Release|x86 = Release|x86
	EndGlobalSection
	GlobalSection(ProjectConfigurationPlatforms) = postSolution
		{0A748BF8-578F-4C71-AC0E-1C3EE0D25FEA}.Debug|Any CPU.ActiveCfg = Debug|Any CPU
		{0A748BF8-578F-4C71-AC0E-1C3EE0D25FEA}.Debug|Any CPU.Build.0 = Debug|Any CPU
		{0A748BF8-578F-4C71-AC0E-1C3EE0D25FEA}.Debug|ARM.ActiveCfg = Debug|Any CPU
		{0A748BF8-578F-4C71-AC0E-1C3EE0D25FEA}.Debug|ARM.Build.0 = Debug|Any CPU
		{0A748BF8-578F-4C71-AC0E-1C3EE0D25FEA}.Debug|ARM64.ActiveCfg = Debug|Any CPU
		{0A748BF8-578F-4C71-AC0E-1C3EE0D25FEA}.Debug|ARM64.Build.0 = Debug|Any CPU
		{0A748BF8-578F-4C71-AC0E-1C3EE0D25FEA}.Debug|x64.ActiveCfg = Debug|Any CPU
		{0A748BF8-578F-4C71-AC0E-1C3EE0D25FEA}.Debug|x64.Build.0 = Debug|Any CPU
		{0A748BF8-578F-4C71-AC0E-1C3EE0D25FEA}.Debug|x86.ActiveCfg = Debug|Any CPU
		{0A748BF8-578F-4C71-AC0E-1C3EE0D25FEA}.Debug|x86.Build.0 = Debug|Any CPU
		{0A748BF8-578F-4C71-AC0E-1C3EE0D25FEA}.Release|Any CPU.ActiveCfg = Release|Any CPU
		{0A748BF8-578F-4C71-AC0E-1C3EE0D25FEA}.Release|Any CPU.Build.0 = Release|Any CPU
		{0A748BF8-578F-4C71-AC0E-1C3EE0D25FEA}.Release|ARM.ActiveCfg = Release|Any CPU
		{0A748BF8-578F-4C71-AC0E-1C3EE0D25FEA}.Release|ARM.Build.0 = Release|Any CPU
		{0A748BF8-578F-4C71-AC0E-1C3EE0D25FEA}.Release|ARM64.ActiveCfg = Release|Any CPU
		{0A748BF8-578F-4C71-AC0E-1C3EE0D25FEA}.Release|ARM64.Build.0 = Release|Any CPU
		{0A748BF8-578F-4C71-AC0E-1C3EE0D25FEA}.Release|x64.ActiveCfg = Release|Any CPU
		{0A748BF8-578F-4C71-AC0E-1C3EE0D25FEA}.Release|x64.Build.0 = Release|Any CPU
		{0A748BF8-578F-4C71-AC0E-1C3EE0D25FEA}.Release|x86.ActiveCfg = Release|Any CPU
		{0A748BF8-578F-4C71-AC0E-1C3EE0D25FEA}.Release|x86.Build.0 = Release|Any CPU
		{6F2D7643-0DDC-49E5-BC9E-CC61F395C5FF}.Debug|Any CPU.ActiveCfg = Debug|Any CPU
		{6F2D7643-0DDC-49E5-BC9E-CC61F395C5FF}.Debug|Any CPU.Build.0 = Debug|Any CPU
		{6F2D7643-0DDC-49E5-BC9E-CC61F395C5FF}.Debug|ARM.ActiveCfg = Debug|Any CPU
		{6F2D7643-0DDC-49E5-BC9E-CC61F395C5FF}.Debug|ARM.Build.0 = Debug|Any CPU
		{6F2D7643-0DDC-49E5-BC9E-CC61F395C5FF}.Debug|ARM64.ActiveCfg = Debug|Any CPU
		{6F2D7643-0DDC-49E5-BC9E-CC61F395C5FF}.Debug|ARM64.Build.0 = Debug|Any CPU
		{6F2D7643-0DDC-49E5-BC9E-CC61F395C5FF}.Debug|x64.ActiveCfg = Debug|Any CPU
		{6F2D7643-0DDC-49E5-BC9E-CC61F395C5FF}.Debug|x64.Build.0 = Debug|Any CPU
		{6F2D7643-0DDC-49E5-BC9E-CC61F395C5FF}.Debug|x86.ActiveCfg = Debug|Any CPU
		{6F2D7643-0DDC-49E5-BC9E-CC61F395C5FF}.Debug|x86.Build.0 = Debug|Any CPU
		{6F2D7643-0DDC-49E5-BC9E-CC61F395C5FF}.Release|Any CPU.ActiveCfg = Release|Any CPU
		{6F2D7643-0DDC-49E5-BC9E-CC61F395C5FF}.Release|Any CPU.Build.0 = Release|Any CPU
		{6F2D7643-0DDC-49E5-BC9E-CC61F395C5FF}.Release|ARM.ActiveCfg = Release|Any CPU
		{6F2D7643-0DDC-49E5-BC9E-CC61F395C5FF}.Release|ARM.Build.0 = Release|Any CPU
		{6F2D7643-0DDC-49E5-BC9E-CC61F395C5FF}.Release|ARM64.ActiveCfg = Release|Any CPU
		{6F2D7643-0DDC-49E5-BC9E-CC61F395C5FF}.Release|ARM64.Build.0 = Release|Any CPU
		{6F2D7643-0DDC-49E5-BC9E-CC61F395C5FF}.Release|x64.ActiveCfg = Release|Any CPU
		{6F2D7643-0DDC-49E5-BC9E-CC61F395C5FF}.Release|x64.Build.0 = Release|Any CPU
		{6F2D7643-0DDC-49E5-BC9E-CC61F395C5FF}.Release|x86.ActiveCfg = Release|Any CPU
		{6F2D7643-0DDC-49E5-BC9E-CC61F395C5FF}.Release|x86.Build.0 = Release|Any CPU
		{EBC5D9FE-5FCC-472C-A08A-0817626A4000}.Debug|Any CPU.ActiveCfg = Debug|Any CPU
		{EBC5D9FE-5FCC-472C-A08A-0817626A4000}.Debug|Any CPU.Build.0 = Debug|Any CPU
		{EBC5D9FE-5FCC-472C-A08A-0817626A4000}.Debug|ARM.ActiveCfg = Debug|Any CPU
		{EBC5D9FE-5FCC-472C-A08A-0817626A4000}.Debug|ARM.Build.0 = Debug|Any CPU
		{EBC5D9FE-5FCC-472C-A08A-0817626A4000}.Debug|ARM64.ActiveCfg = Debug|Any CPU
		{EBC5D9FE-5FCC-472C-A08A-0817626A4000}.Debug|ARM64.Build.0 = Debug|Any CPU
		{EBC5D9FE-5FCC-472C-A08A-0817626A4000}.Debug|x64.ActiveCfg = Debug|Any CPU
		{EBC5D9FE-5FCC-472C-A08A-0817626A4000}.Debug|x64.Build.0 = Debug|Any CPU
		{EBC5D9FE-5FCC-472C-A08A-0817626A4000}.Debug|x86.ActiveCfg = Debug|Any CPU
		{EBC5D9FE-5FCC-472C-A08A-0817626A4000}.Debug|x86.Build.0 = Debug|Any CPU
		{EBC5D9FE-5FCC-472C-A08A-0817626A4000}.Release|Any CPU.ActiveCfg = Release|Any CPU
		{EBC5D9FE-5FCC-472C-A08A-0817626A4000}.Release|Any CPU.Build.0 = Release|Any CPU
		{EBC5D9FE-5FCC-472C-A08A-0817626A4000}.Release|ARM.ActiveCfg = Release|Any CPU
		{EBC5D9FE-5FCC-472C-A08A-0817626A4000}.Release|ARM.Build.0 = Release|Any CPU
		{EBC5D9FE-5FCC-472C-A08A-0817626A4000}.Release|ARM64.ActiveCfg = Release|Any CPU
		{EBC5D9FE-5FCC-472C-A08A-0817626A4000}.Release|ARM64.Build.0 = Release|Any CPU
		{EBC5D9FE-5FCC-472C-A08A-0817626A4000}.Release|x64.ActiveCfg = Release|Any CPU
		{EBC5D9FE-5FCC-472C-A08A-0817626A4000}.Release|x64.Build.0 = Release|Any CPU
		{EBC5D9FE-5FCC-472C-A08A-0817626A4000}.Release|x86.ActiveCfg = Release|Any CPU
		{EBC5D9FE-5FCC-472C-A08A-0817626A4000}.Release|x86.Build.0 = Release|Any CPU
		{C4765480-3855-4E41-8634-01DBABC62B77}.Debug|Any CPU.ActiveCfg = Debug|Any CPU
		{C4765480-3855-4E41-8634-01DBABC62B77}.Debug|Any CPU.Build.0 = Debug|Any CPU
		{C4765480-3855-4E41-8634-01DBABC62B77}.Debug|ARM.ActiveCfg = Debug|Any CPU
		{C4765480-3855-4E41-8634-01DBABC62B77}.Debug|ARM.Build.0 = Debug|Any CPU
		{C4765480-3855-4E41-8634-01DBABC62B77}.Debug|ARM64.ActiveCfg = Debug|Any CPU
		{C4765480-3855-4E41-8634-01DBABC62B77}.Debug|ARM64.Build.0 = Debug|Any CPU
		{C4765480-3855-4E41-8634-01DBABC62B77}.Debug|x64.ActiveCfg = Debug|Any CPU
		{C4765480-3855-4E41-8634-01DBABC62B77}.Debug|x64.Build.0 = Debug|Any CPU
		{C4765480-3855-4E41-8634-01DBABC62B77}.Debug|x86.ActiveCfg = Debug|Any CPU
		{C4765480-3855-4E41-8634-01DBABC62B77}.Debug|x86.Build.0 = Debug|Any CPU
		{C4765480-3855-4E41-8634-01DBABC62B77}.Release|Any CPU.ActiveCfg = Release|Any CPU
		{C4765480-3855-4E41-8634-01DBABC62B77}.Release|Any CPU.Build.0 = Release|Any CPU
		{C4765480-3855-4E41-8634-01DBABC62B77}.Release|ARM.ActiveCfg = Release|Any CPU
		{C4765480-3855-4E41-8634-01DBABC62B77}.Release|ARM.Build.0 = Release|Any CPU
		{C4765480-3855-4E41-8634-01DBABC62B77}.Release|ARM64.ActiveCfg = Release|Any CPU
		{C4765480-3855-4E41-8634-01DBABC62B77}.Release|ARM64.Build.0 = Release|Any CPU
		{C4765480-3855-4E41-8634-01DBABC62B77}.Release|x64.ActiveCfg = Release|Any CPU
		{C4765480-3855-4E41-8634-01DBABC62B77}.Release|x64.Build.0 = Release|Any CPU
		{C4765480-3855-4E41-8634-01DBABC62B77}.Release|x86.ActiveCfg = Release|Any CPU
		{C4765480-3855-4E41-8634-01DBABC62B77}.Release|x86.Build.0 = Release|Any CPU
		{4DDD37B1-E3E8-46C1-BDE9-3039A93DAF27}.Debug|Any CPU.ActiveCfg = Debug|Any CPU
		{4DDD37B1-E3E8-46C1-BDE9-3039A93DAF27}.Debug|Any CPU.Build.0 = Debug|Any CPU
		{4DDD37B1-E3E8-46C1-BDE9-3039A93DAF27}.Debug|ARM.ActiveCfg = Debug|Any CPU
		{4DDD37B1-E3E8-46C1-BDE9-3039A93DAF27}.Debug|ARM.Build.0 = Debug|Any CPU
		{4DDD37B1-E3E8-46C1-BDE9-3039A93DAF27}.Debug|ARM64.ActiveCfg = Debug|Any CPU
		{4DDD37B1-E3E8-46C1-BDE9-3039A93DAF27}.Debug|ARM64.Build.0 = Debug|Any CPU
		{4DDD37B1-E3E8-46C1-BDE9-3039A93DAF27}.Debug|x64.ActiveCfg = Debug|Any CPU
		{4DDD37B1-E3E8-46C1-BDE9-3039A93DAF27}.Debug|x64.Build.0 = Debug|Any CPU
		{4DDD37B1-E3E8-46C1-BDE9-3039A93DAF27}.Debug|x86.ActiveCfg = Debug|Any CPU
		{4DDD37B1-E3E8-46C1-BDE9-3039A93DAF27}.Debug|x86.Build.0 = Debug|Any CPU
		{4DDD37B1-E3E8-46C1-BDE9-3039A93DAF27}.Release|Any CPU.ActiveCfg = Release|Any CPU
		{4DDD37B1-E3E8-46C1-BDE9-3039A93DAF27}.Release|Any CPU.Build.0 = Release|Any CPU
		{4DDD37B1-E3E8-46C1-BDE9-3039A93DAF27}.Release|ARM.ActiveCfg = Release|Any CPU
		{4DDD37B1-E3E8-46C1-BDE9-3039A93DAF27}.Release|ARM.Build.0 = Release|Any CPU
		{4DDD37B1-E3E8-46C1-BDE9-3039A93DAF27}.Release|ARM64.ActiveCfg = Release|Any CPU
		{4DDD37B1-E3E8-46C1-BDE9-3039A93DAF27}.Release|ARM64.Build.0 = Release|Any CPU
		{4DDD37B1-E3E8-46C1-BDE9-3039A93DAF27}.Release|x64.ActiveCfg = Release|Any CPU
		{4DDD37B1-E3E8-46C1-BDE9-3039A93DAF27}.Release|x64.Build.0 = Release|Any CPU
		{4DDD37B1-E3E8-46C1-BDE9-3039A93DAF27}.Release|x86.ActiveCfg = Release|Any CPU
		{4DDD37B1-E3E8-46C1-BDE9-3039A93DAF27}.Release|x86.Build.0 = Release|Any CPU
		{A4E0CC4F-24AF-44E2-8E11-679E19CFC682}.Debug|Any CPU.ActiveCfg = Debug|Any CPU
		{A4E0CC4F-24AF-44E2-8E11-679E19CFC682}.Debug|Any CPU.Build.0 = Debug|Any CPU
		{A4E0CC4F-24AF-44E2-8E11-679E19CFC682}.Debug|ARM.ActiveCfg = Debug|Any CPU
		{A4E0CC4F-24AF-44E2-8E11-679E19CFC682}.Debug|ARM.Build.0 = Debug|Any CPU
		{A4E0CC4F-24AF-44E2-8E11-679E19CFC682}.Debug|ARM64.ActiveCfg = Debug|Any CPU
		{A4E0CC4F-24AF-44E2-8E11-679E19CFC682}.Debug|ARM64.Build.0 = Debug|Any CPU
		{A4E0CC4F-24AF-44E2-8E11-679E19CFC682}.Debug|x64.ActiveCfg = Debug|Any CPU
		{A4E0CC4F-24AF-44E2-8E11-679E19CFC682}.Debug|x64.Build.0 = Debug|Any CPU
		{A4E0CC4F-24AF-44E2-8E11-679E19CFC682}.Debug|x86.ActiveCfg = Debug|Any CPU
		{A4E0CC4F-24AF-44E2-8E11-679E19CFC682}.Debug|x86.Build.0 = Debug|Any CPU
		{A4E0CC4F-24AF-44E2-8E11-679E19CFC682}.Release|Any CPU.ActiveCfg = Release|Any CPU
		{A4E0CC4F-24AF-44E2-8E11-679E19CFC682}.Release|Any CPU.Build.0 = Release|Any CPU
		{A4E0CC4F-24AF-44E2-8E11-679E19CFC682}.Release|ARM.ActiveCfg = Release|Any CPU
		{A4E0CC4F-24AF-44E2-8E11-679E19CFC682}.Release|ARM.Build.0 = Release|Any CPU
		{A4E0CC4F-24AF-44E2-8E11-679E19CFC682}.Release|ARM64.ActiveCfg = Release|Any CPU
		{A4E0CC4F-24AF-44E2-8E11-679E19CFC682}.Release|ARM64.Build.0 = Release|Any CPU
		{A4E0CC4F-24AF-44E2-8E11-679E19CFC682}.Release|x64.ActiveCfg = Release|Any CPU
		{A4E0CC4F-24AF-44E2-8E11-679E19CFC682}.Release|x64.Build.0 = Release|Any CPU
		{A4E0CC4F-24AF-44E2-8E11-679E19CFC682}.Release|x86.ActiveCfg = Release|Any CPU
		{A4E0CC4F-24AF-44E2-8E11-679E19CFC682}.Release|x86.Build.0 = Release|Any CPU
	EndGlobalSection
	GlobalSection(SolutionProperties) = preSolution
		HideSolutionNode = FALSE
	EndGlobalSection
	GlobalSection(ExtensibilityGlobals) = postSolution
		SolutionGuid = {52E13334-9638-44E6-856A-FDB9B302A147}
	EndGlobalSection
EndGlobal
